
Microsoft Visual Studio Solution File, Format Version 10.00
# Visual Studio 2008
Project("{FAE04EC0-301F-11D3-BF4B-00C04F79EFBC}") = "Linq.SourceCode.Test", "Linq.SourceCode.Test\Linq.SourceCode.Test.csproj", "{4320E9AB-5A18-4DC0-B3D2-8E35A8E53F39}"
EndProject
Project("{2150E333-8FDC-42A3-9474-1A3956D46DE8}") = "Solution Items", "Solution Items", "{C8FE6CED-CEE4-4223-8C12-1D308CBB371B}"
	ProjectSection(SolutionItems) = preProject
		Linq.SourceCode.vsmdi = Linq.SourceCode.vsmdi
		LocalTestRun.testrunconfig = LocalTestRun.testrunconfig
	EndProjectSection
EndProject
Project("{F2A71F9B-5D33-465A-A702-920D77279786}") = "Linq.SourceCode", "Linq.SourceCode\Linq.SourceCode.fsproj", "{A6504706-7EE9-4FAB-ACCC-2954186607D8}"
EndProject
Project("{2150E333-8FDC-42A3-9474-1A3956D46DE8}") = "Examples", "Examples", "{A6A70DB0-5975-435E-A0AA-0D6EDF5F82F4}"
EndProject
Project("{FAE04EC0-301F-11D3-BF4B-00C04F79EFBC}") = "HelloLinqSourceCode", "Examples\HelloLinqSourceCode\HelloLinqSourceCode.csproj", "{3522A851-6BB6-4277-B99C-DB2C4FC6EF5C}"
EndProject
Project("{FAE04EC0-301F-11D3-BF4B-00C04F79EFBC}") = "StandardSearch", "Examples\StandardSearch\StandardSearch.csproj", "{A592D494-E731-4889-8466-C8D3B64BCFBB}"
EndProject
Project("{FAE04EC0-301F-11D3-BF4B-00C04F79EFBC}") = "StructuralSearch", "Examples\StructuralSearch\StructuralSearch.csproj", "{7F7C685A-CCA1-47F3-AA37-9D3CF5686B21}"
EndProject
Global
	GlobalSection(SolutionConfigurationPlatforms) = preSolution
		Debug|Any CPU = Debug|Any CPU
		Release|Any CPU = Release|Any CPU
	EndGlobalSection
	GlobalSection(ProjectConfigurationPlatforms) = postSolution
		{4320E9AB-5A18-4DC0-B3D2-8E35A8E53F39}.Debug|Any CPU.ActiveCfg = Debug|Any CPU
		{4320E9AB-5A18-4DC0-B3D2-8E35A8E53F39}.Debug|Any CPU.Build.0 = Debug|Any CPU
		{4320E9AB-5A18-4DC0-B3D2-8E35A8E53F39}.Release|Any CPU.ActiveCfg = Release|Any CPU
		{4320E9AB-5A18-4DC0-B3D2-8E35A8E53F39}.Release|Any CPU.Build.0 = Release|Any CPU
		{A6504706-7EE9-4FAB-ACCC-2954186607D8}.Debug|Any CPU.ActiveCfg = Debug|Any CPU
		{A6504706-7EE9-4FAB-ACCC-2954186607D8}.Debug|Any CPU.Build.0 = Debug|Any CPU
		{A6504706-7EE9-4FAB-ACCC-2954186607D8}.Release|Any CPU.ActiveCfg = Release|Any CPU
		{A6504706-7EE9-4FAB-ACCC-2954186607D8}.Release|Any CPU.Build.0 = Release|Any CPU
		{3522A851-6BB6-4277-B99C-DB2C4FC6EF5C}.Debug|Any CPU.ActiveCfg = Debug|Any CPU
		{3522A851-6BB6-4277-B99C-DB2C4FC6EF5C}.Debug|Any CPU.Build.0 = Debug|Any CPU
		{3522A851-6BB6-4277-B99C-DB2C4FC6EF5C}.Release|Any CPU.ActiveCfg = Release|Any CPU
		{3522A851-6BB6-4277-B99C-DB2C4FC6EF5C}.Release|Any CPU.Build.0 = Release|Any CPU
		{A592D494-E731-4889-8466-C8D3B64BCFBB}.Debug|Any CPU.ActiveCfg = Debug|Any CPU
		{A592D494-E731-4889-8466-C8D3B64BCFBB}.Debug|Any CPU.Build.0 = Debug|Any CPU
		{A592D494-E731-4889-8466-C8D3B64BCFBB}.Release|Any CPU.ActiveCfg = Release|Any CPU
		{A592D494-E731-4889-8466-C8D3B64BCFBB}.Release|Any CPU.Build.0 = Release|Any CPU
		{7F7C685A-CCA1-47F3-AA37-9D3CF5686B21}.Debug|Any CPU.ActiveCfg = Debug|Any CPU
		{7F7C685A-CCA1-47F3-AA37-9D3CF5686B21}.Debug|Any CPU.Build.0 = Debug|Any CPU
		{7F7C685A-CCA1-47F3-AA37-9D3CF5686B21}.Release|Any CPU.ActiveCfg = Release|Any CPU
		{7F7C685A-CCA1-47F3-AA37-9D3CF5686B21}.Release|Any CPU.Build.0 = Release|Any CPU
	EndGlobalSection
	GlobalSection(SolutionProperties) = preSolution
		HideSolutionNode = FALSE
	EndGlobalSection
	GlobalSection(NestedProjects) = preSolution
		{3522A851-6BB6-4277-B99C-DB2C4FC6EF5C} = {A6A70DB0-5975-435E-A0AA-0D6EDF5F82F4}
		{A592D494-E731-4889-8466-C8D3B64BCFBB} = {A6A70DB0-5975-435E-A0AA-0D6EDF5F82F4}
		{7F7C685A-CCA1-47F3-AA37-9D3CF5686B21} = {A6A70DB0-5975-435E-A0AA-0D6EDF5F82F4}
	EndGlobalSection
EndGlobal
